
Microsoft Visual Studio Solution File, Format Version 12.00
# Visual Studio Version 16
VisualStudioVersion = 16.0.30406.217
MinimumVisualStudioVersion = 10.0.40219.1
Project("{FAE04EC0-301F-11D3-BF4B-00C04F79EFBC}") = "GlobalSegurosPrueba", "GlobalSegurosPrueba.csproj", "{809CD1DA-A4B4-43F2-9536-B59C8CAD1473}"
EndProject
Global
	GlobalSection(SolutionConfigurationPlatforms) = preSolution
		Debug|Any CPU = Debug|Any CPU
		Release|Any CPU = Release|Any CPU
	EndGlobalSection
	GlobalSection(ProjectConfigurationPlatforms) = postSolution
		{809CD1DA-A4B4-43F2-9536-B59C8CAD1473}.Debug|Any CPU.ActiveCfg = Debug|Any CPU
		{809CD1DA-A4B4-43F2-9536-B59C8CAD1473}.Debug|Any CPU.Build.0 = Debug|Any CPU
		{809CD1DA-A4B4-43F2-9536-B59C8CAD1473}.Release|Any CPU.ActiveCfg = Release|Any CPU
		{809CD1DA-A4B4-43F2-9536-B59C8CAD1473}.Release|Any CPU.Build.0 = Release|Any CPU
	EndGlobalSection
	GlobalSection(SolutionProperties) = preSolution
		HideSolutionNode = FALSE
	EndGlobalSection
	GlobalSection(ExtensibilityGlobals) = postSolution
		SolutionGuid = {0850C916-3012-4484-917F-33E73190361A}
	EndGlobalSection
EndGlobal
